
Microsoft Visual Studio Solution File, Format Version 12.00
# Visual Studio 15
VisualStudioVersion = 15.0.27428.2027
MinimumVisualStudioVersion = 10.0.40219.1
Project("{FAE04EC0-301F-11D3-BF4B-00C04F79EFBC}") = "FezHatApp", "FezHatApp\FezHatApp.csproj", "{E0E8919A-9C81-4EB7-BF6E-90D2D9FE6CEC}"
EndProject
Project("{FAE04EC0-301F-11D3-BF4B-00C04F79EFBC}") = "FezHatLib", "FezHatLib\FezHatLib.csproj", "{966E85D4-F03C-4607-AC4F-8EA0BD6CBF33}"
EndProject
Global
	GlobalSection(SolutionConfigurationPlatforms) = preSolution
		Debug|Any CPU = Debug|Any CPU
		Release|Any CPU = Release|Any CPU
	EndGlobalSection
	GlobalSection(ProjectConfigurationPlatforms) = postSolution
		{E0E8919A-9C81-4EB7-BF6E-90D2D9FE6CEC}.Debug|Any CPU.ActiveCfg = Debug|Any CPU
		{E0E8919A-9C81-4EB7-BF6E-90D2D9FE6CEC}.Debug|Any CPU.Build.0 = Debug|Any CPU
		{E0E8919A-9C81-4EB7-BF6E-90D2D9FE6CEC}.Debug|Any CPU.Deploy.0 = Debug|Any CPU
		{E0E8919A-9C81-4EB7-BF6E-90D2D9FE6CEC}.Release|Any CPU.ActiveCfg = Release|Any CPU
		{E0E8919A-9C81-4EB7-BF6E-90D2D9FE6CEC}.Release|Any CPU.Build.0 = Release|Any CPU
		{E0E8919A-9C81-4EB7-BF6E-90D2D9FE6CEC}.Release|Any CPU.Deploy.0 = Release|Any CPU
		{966E85D4-F03C-4607-AC4F-8EA0BD6CBF33}.Debug|Any CPU.ActiveCfg = Debug|Any CPU
		{966E85D4-F03C-4607-AC4F-8EA0BD6CBF33}.Debug|Any CPU.Build.0 = Debug|Any CPU
		{966E85D4-F03C-4607-AC4F-8EA0BD6CBF33}.Release|Any CPU.ActiveCfg = Release|Any CPU
		{966E85D4-F03C-4607-AC4F-8EA0BD6CBF33}.Release|Any CPU.Build.0 = Release|Any CPU
	EndGlobalSection
	GlobalSection(SolutionProperties) = preSolution
		HideSolutionNode = FALSE
	EndGlobalSection
	GlobalSection(ExtensibilityGlobals) = postSolution
		SolutionGuid = {FD057813-E268-4278-B2BE-A17AD3EEABFB}
	EndGlobalSection
EndGlobal
